{
  "name": "pdf2img-demo",
  "version": "1.0.0",
  "lockfileVersion": 3,
  "requires": true,
  "packages": {
    "": {
      "name": "pdf2img-demo",
      "version": "1.0.0",
      "dependencies": {
        "node-pdf2img": "file:../packages/pdf2img"
      },
      "devDependencies": {
        "pngjs": "^7.0.0"
      }
    },
    "../packages/pdf2img": {
      "name": "node-pdf2img",
      "version": "0.1.0",
      "cpu": [
        "x64",
        "arm64"
      ],
      "license": "MIT",
      "os": [
        "linux",
        "darwin",
        "win32"
      ],
      "dependencies": {
        "commander": "^12.0.0",
        "cos-nodejs-sdk-v5": "^2.14.6",
        "dotenv": "^16.0.3",
        "node-pdf2img-native": "file:../native-renderer",
        "ora": "^8.0.0",
        "p-limit": "^7.2.0",
        "pdfjs-dist": "^4.0.0",
        "piscina": "^5.1.4",
        "sharp": "^0.33.0"
      },
      "bin": {
        "pdf2img": "bin/cli.js"
      },
      "devDependencies": {
        "@types/node": "^20.0.0"
      },
      "engines": {
        "node": ">=18.0.0"
      },
      "optionalDependencies": {
        "canvas": "^2.11.0"
      }
    },
    "node_modules/node-pdf2img": {
      "resolved": "../packages/pdf2img",
      "link": true
    },
    "node_modules/pngjs": {
      "version": "7.0.0",
      "resolved": "https://mirrors.tencent.com/npm/pngjs/-/pngjs-7.0.0.tgz",
      "integrity": "sha512-LKWqWJRhstyYo9pGvgor/ivk2w94eSjE3RGVuzLGlr3NmD8bf7RcYGze1mNdEHRP6TRP6rMuDHk5t44hnTRyow==",
      "dev": true,
      "license": "MIT",
      "engines": {
        "node": ">=14.19.0"
      }
    }
  }
}
